{
  "name": "miniflare-no-rpc-binding-repro",
  "version": "1.0.0",
  "lockfileVersion": 3,
  "requires": true,
  "packages": {
    "": {
      "name": "miniflare-no-rpc-binding-repro",
      "version": "1.0.0",
      "license": "ISC",
      "devDependencies": {
        "miniflare": "/Users/dario/Repos/workers-sdk/packages/miniflare"
      }
    },
    "../../Repos/workers-sdk/packages/miniflare": {
      "version": "3.20240405.1",
      "dev": true,
      "license": "MIT",
      "dependencies": {
        "@cspotcode/source-map-support": "0.8.1",
        "acorn": "^8.8.0",
        "acorn-walk": "^8.2.0",
        "capnp-ts": "^0.7.0",
        "exit-hook": "^2.2.1",
        "glob-to-regexp": "^0.4.1",
        "stoppable": "^1.1.0",
        "undici": "^5.28.2",
        "workerd": "1.20240405.0",
        "ws": "^8.11.0",
        "youch": "^3.2.2",
        "zod": "^3.20.6"
      },
      "bin": {
        "miniflare": "bootstrap.js"
      },
      "devDependencies": {
        "@ava/typescript": "^4.0.0",
        "@cloudflare/kv-asset-handler": "workspace:*",
        "@cloudflare/workers-types": "^4.20240405.0",
        "@microsoft/api-extractor": "^7.36.3",
        "@types/debug": "^4.1.7",
        "@types/estree": "^1.0.0",
        "@types/glob-to-regexp": "^0.4.1",
        "@types/http-cache-semantics": "^4.0.1",
        "@types/node": "^18.11.9",
        "@types/rimraf": "^3.0.2",
        "@types/stoppable": "^1.1.1",
        "@types/which": "^2.0.1",
        "@types/ws": "^8.5.3",
        "@typescript-eslint/eslint-plugin": "^6.9.0",
        "@typescript-eslint/parser": "^6.9.0",
        "ava": "^5.2.0",
        "capnpc-ts": "^0.7.0",
        "concurrently": "^8.2.2",
        "devalue": "^4.3.0",
        "devtools-protocol": "^0.0.1182435",
        "esbuild": "^0.16.17",
        "eslint": "^8.6.0",
        "eslint-config-prettier": "^9.0.0",
        "eslint-plugin-es": "^4.1.0",
        "eslint-plugin-import": "2.26.x",
        "eslint-plugin-prettier": "^5.0.1",
        "expect-type": "^0.15.0",
        "http-cache-semantics": "^4.1.0",
        "kleur": "^4.1.5",
        "prettier": "^3.0.3",
        "rimraf": "^3.0.2",
        "source-map": "^0.6.0",
        "typescript": "^5.4.5",
        "which": "^2.0.2"
      },
      "engines": {
        "node": ">=16.13"
      }
    },
    "node_modules/miniflare": {
      "resolved": "../../Repos/workers-sdk/packages/miniflare",
      "link": true
    }
  }
}
